
Microsoft Visual Studio Solution File, Format Version 12.00
# Visual Studio Version 16
VisualStudioVersion = 16.0.30114.105
MinimumVisualStudioVersion = 10.0.40219.1
Project("{FAE04EC0-301F-11D3-BF4B-00C04F79EFBC}") = "ElectronicJournal", "ElectronicJournal\ElectronicJournal.csproj", "{DBC4A3A5-3060-4915-B18E-33740F9FC85A}"
EndProject
Global
	GlobalSection(SolutionConfigurationPlatforms) = preSolution
		Debug|Any CPU = Debug|Any CPU
		Release|Any CPU = Release|Any CPU
	EndGlobalSection
	GlobalSection(ProjectConfigurationPlatforms) = postSolution
		{DBC4A3A5-3060-4915-B18E-33740F9FC85A}.Debug|Any CPU.ActiveCfg = Debug|Any CPU
		{DBC4A3A5-3060-4915-B18E-33740F9FC85A}.Debug|Any CPU.Build.0 = Debug|Any CPU
		{DBC4A3A5-3060-4915-B18E-33740F9FC85A}.Release|Any CPU.ActiveCfg = Release|Any CPU
		{DBC4A3A5-3060-4915-B18E-33740F9FC85A}.Release|Any CPU.Build.0 = Release|Any CPU
	EndGlobalSection
	GlobalSection(SolutionProperties) = preSolution
		HideSolutionNode = FALSE
	EndGlobalSection
	GlobalSection(ExtensibilityGlobals) = postSolution
		SolutionGuid = {ECA3E2D2-FC40-49AB-89B6-1764D4D68F34}
	EndGlobalSection
EndGlobal
